[[package]]
name = "asttokens"
version = "2.0.5"
description = "Annotate AST trees with source code positions"
category = "main"
optional = false
python-versions = "*"

[package.dependencies]
six = "*"

[package.extras]
test = ["astroid", "pytest"]

[[package]]
name = "executing"
version = "0.8.0"
description = "Get the currently executing AST node of a frame, and other information"
category = "main"
optional = false
python-versions = "*"

[[package]]
name = "pure-eval"
version = "0.2.1"
description = "Safely evaluate AST nodes without side effects"
category = "main"
optional = false
python-versions = "*"

[package.extras]
tests = ["pytest"]

[[package]]
name = "six"
version = "1.16.0"
description = "Python 2 and 3 compatibility utilities"
category = "main"
optional = false
python-versions = ">=2.7, !=3.0.*, !=3.1.*, !=3.2.*"

[[package]]
name = "varname"
version = "0.8.0"
description = "Dark magics about variable names in python."
category = "main"
optional = false
python-versions = ">=3.6,<4.0"

[package.dependencies]
asttokens = ">=2.0.0,<3.0.0"
executing = "*"
pure_eval = "<1.0.0"

[metadata]
lock-version = "1.1"
python-versions = "^3.8"
content-hash = "7f73860e86f6063760b15da0f0f7a558f64860f8e9defd569073567fefda7904"

[metadata.files]
asttokens = [
    {file = "asttokens-2.0.5-py2.py3-none-any.whl", hash = "sha256:0844691e88552595a6f4a4281a9f7f79b8dd45ca4ccea82e5e05b4bbdb76705c"},
    {file = "asttokens-2.0.5.tar.gz", hash = "sha256:9a54c114f02c7a9480d56550932546a3f1fe71d8a02f1bc7ccd0ee3ee35cf4d5"},
]
executing = [
    {file = "executing-0.8.0-py2.py3-none-any.whl", hash = "sha256:7ef8637519b0c01b69c4a1785a0d13dcc2cf9f0d078804268887edad2b4f26d1"},
    {file = "executing-0.8.0.tar.gz", hash = "sha256:77ed91874d321338865ea2bf7337636a5de8e9a7f8323527d29c4fad2a1b48f7"},
]
pure-eval = [
    {file = "pure_eval-0.2.1-py3-none-any.whl", hash = "sha256:94eeb505a88721bec7bb21a4ac49758b8b1a01530da1a70d4ffc1d9937689d71"},
    {file = "pure_eval-0.2.1.tar.gz", hash = "sha256:0f04483b16c9429532d2c0ddc96e2b3bb6b2dc37a2bfb0e986248dbfd0b78873"},
]
six = [
    {file = "six-1.16.0-py2.py3-none-any.whl", hash = "sha256:8abb2f1d86890a2dfb989f9a77cfcfd3e47c2a354b01111771326f8aa26e0254"},
    {file = "six-1.16.0.tar.gz", hash = "sha256:1e61c37477a1626458e36f7b1d82aa5c9b094fa4802892072e49de9c60c4c926"},
]
varname = [
    {file = "varname-0.8.0-py3-none-any.whl", hash = "sha256:7684cbfa7b5e96589c7b70e337c74b47f3e774198293c56f51a208c87e12bd80"},
    {file = "varname-0.8.0.tar.gz", hash = "sha256:7b599f52573e1f763ad2e204a79373246b3ed73cd9f2d1f75bff81e35ee1a17a"},
]
